# THIS FILE IS GENERATED. DO NOT EDIT.

[solution]
[solution.context]
solved = true
[[solution.state]]
crate = "gnatprove"
fulfilment = "solved"
pinned = false
transitivity = "direct"
versions = "^15.1.0"
[solution.state.release]
authors = [
"AdaCore",
]
auto-gpr-with = false
description = "Automatic formal verification of SPARK code"
licenses = "GPL-3.0-or-later"
long-description = "GNATprove, which provides automatic formal verification of SPARK code, is based on the [open-source](https://github.com/AdaCore/spark2014) [SPARK Pro](https://www.adacore.com/sparkpro) by [AdaCore](https://www.adacore.com).\nThe [SPARK Pro User's Guide](https://docs.adacore.com/spark2014-docs/html/ug/index.html) provides extensive documentation on how to use GNATprove.\nNote that because this version of GNATprove is built from an intermediate commit of SPARK Pro, it is not representative of any specific SPARK Pro release, and the SPARK Pro documentation may describe features or capabilities that are not yet available in this version of GNATprove.\n\nTo use GNATprove, simply add it to your Alire project using\n\n    alr with gnatprove\n\nThen, configure your environment by running:\n\n    eval \"$( alr printenv )\"\n\nYou will then be able to run GNATprove:\n\n    gnatprove\n\nFor more details on getting started using GNATprove, see [Getting Started with SPARK](https://docs.adacore.com/spark2014-docs/html/ug/en/getting_started.html) from the [SPARK Pro User's Guide](https://docs.adacore.com/spark2014-docs/html/ug/index.html).\n\nTo get started with the SPARK language, see the [Introduction to SPARK](https://learn.adacore.com/courses/intro-to-spark/index.html) course on [learn.adacore.com](https://learn.adacore.com/index.html).\n"
maintainers = [
"Fabien Chouteau <chouteau@adacore.com>",
"CÃ©sar Sagaert <sagaert@adacore.com>",
]
maintainers-logins = [
"Fabien-Chouteau",
"AldanTanneo",
]
name = "gnatprove"
version = "15.1.0"
website = "https://docs.adacore.com/spark2014-docs/html/ug/index.html"
[solution.state.release.configuration]
auto_gpr_with = true
disabled = true
generate_ada = true
generate_c = true
generate_gpr = true
output_dir = "config"
[solution.state.release.environment]
[solution.state.release.environment.GPR_PROJECT_PATH]
prepend = "${CRATE_ROOT}/lib/gnat"
[solution.state.release.environment.PATH]
prepend = "${CRATE_ROOT}/bin"
[solution.state.release.origin]
binary = true
hashes = [
"sha256:a4a9bb7cb0d6a80c422e9e490aa337d8b1ae7b68079be19724761ce3404a5c1a",
]
url = "https://github.com/alire-project/GNAT-FSF-builds/releases/download/gnatprove-15.1.0-1/gnatprove-aarch64-darwin-15.1.0-1.tar.gz"

