# THIS FILE IS GENERATED. DO NOT EDIT.

[solution]
[solution.context]
solved = true
[[solution.state]]
crate = "m4_tool"
fulfilment = "solved"
pinned = false
transitivity = "direct"
versions = "*"
[solution.state.release]
description = "macro processor"
maintainers = [
"Pascal Pignard <blady.net@orange.fr>",
]
maintainers-logins = [
"Blady-Com",
]
name = "m4_tool"
notes = "Provided by system package: m4"
version = "1.4.20"
[solution.state.release.origin]
url = "system:m4"

