# THIS FILE IS GENERATED. DO NOT EDIT.

[solution]
[solution.context]
solved = true
[[solution.state]]
crate = "m4_tool"
fulfilment = "solved"
pinned = false
transitivity = "indirect"
versions = "*"
[solution.state.release]
description = "macro processor"
maintainers = [
"Pascal Pignard <blady.net@orange.fr>",
]
maintainers-logins = [
"Blady-Com",
]
name = "m4_tool"
notes = "Provided by system package: m4"
version = "1.4.20"
[solution.state.release.origin]
url = "system:m4"
[[solution.state]]
crate = "ncursesada"
fulfilment = "solved"
pinned = false
transitivity = "direct"
versions = "^6.5.0"
[solution.state.release]
authors = [
"Thomas E. Dickey",
"Juergen Pfeifer",
"Eric S Raymond",
"Alexander V Lukyanov",
"Philippe Blain",
"Sven Verdoolaege",
"Nicolas Boulenguez",
]
description = "Ada binding to the ncurses text user interface library"
licenses = "X11 OR MIT"
maintainers = [
"Pascal Pignard <blady.net@orange.fr>",
]
maintainers-logins = [
"Blady-Com",
]
name = "ncursesada"
project-files = [
"Ada95/lib_adacurses.gpr",
]
tags = [
"ncurses",
"binding",
]
version = "6.5.0"
website = "https://github.com/Blady-Com/ncurses"
[solution.state.release.origin]
commit = "1ea33215ed820c6b2fef21c526cf20a3b2c124c5"
url = "git+https://github.com/Blady-Com/ncurses-snapshots.git"
[[solution.state.release.actions]]
command = [
"sh",
"configure",
"--with-ada-libname=adacurses",
]
directory = "."
type = "post-fetch"
[[solution.state.release.actions]]
command = [
"make",
"libs",
]
directory = "."
type = "post-fetch"
[[solution.state.release.depends-on]]
m4_tool = "*"

